// !$*UTF8*$!
{
	archiveVersion = 1;
	classes = {
	};
	objectVersion = 50;
	objects = {

/* Begin PBXBuildFile section */
		492EF34122B9457E002D3800 /* AppDelegate.swift in Sources */ = {isa = PBXBuildFile; fileRef = 492EF34022B9457E002D3800 /* AppDelegate.swift */; };
		492EF34322B9457E002D3800 /* ViewController.swift in Sources */ = {isa = PBXBuildFile; fileRef = 492EF34222B9457E002D3800 /* ViewController.swift */; };
		492EF34622B9457E002D3800 /* Main.storyboard in Resources */ = {isa = PBXBuildFile; fileRef = 492EF34422B9457E002D3800 /* Main.storyboard */; };
		492EF34822B9457F002D3800 /* Assets.xcassets in Resources */ = {isa = PBXBuildFile; fileRef = 492EF34722B9457F002D3800 /* Assets.xcassets */; };
		492EF34B22B9457F002D3800 /* LaunchScreen.storyboard in Resources */ = {isa = PBXBuildFile; fileRef = 492EF34922B9457F002D3800 /* LaunchScreen.storyboard */; };
		492EF35622B94580002D3800 /* ChattingAppTests.swift in Sources */ = {isa = PBXBuildFile; fileRef = 492EF35522B94580002D3800 /* ChattingAppTests.swift */; };
		492EF36122B94580002D3800 /* ChattingAppUITests.swift in Sources */ = {isa = PBXBuildFile; fileRef = 492EF36022B94580002D3800 /* ChattingAppUITests.swift */; };
/* End PBXBuildFile section */

/* Begin PBXContainerItemProxy section */
		492EF35222B94580002D3800 /* PBXContainerItemProxy */ = {
			isa = PBXContainerItemProxy;
			containerPortal = 492EF33522B9457E002D3800 /* Project object */;
			proxyType = 1;
			remoteGlobalIDString = 492EF33C22B9457E002D3800;
			remoteInfo = ChattingApp;
		};
		492EF35D22B94580002D3800 /* PBXContainerItemProxy */ = {
			isa = PBXContainerItemProxy;
			containerPortal = 492EF33522B9457E002D3800 /* Project object */;
			proxyType = 1;
			remoteGlobalIDString = 492EF33C22B9457E002D3800;
			remoteInfo = ChattingApp;
		};
/* End PBXContainerItemProxy section */

/* Begin PBXFileReference section */
		492EF33D22B9457E002D3800 /* ChattingApp.app */ = {isa = PBXFileReference; explicitFileType = wrapper.application; includeInIndex = 0; path = ChattingApp.app; sourceTree = BUILT_PRODUCTS_DIR; };
		492EF34022B9457E002D3800 /* AppDelegate.swift */ = {isa = PBXFileReference; lastKnownFileType = sourcecode.swift; path = AppDelegate.swift; sourceTree = "<group>"; };
		492EF34222B9457E002D3800 /* ViewController.swift */ = {isa = PBXFileReference; lastKnownFileType = sourcecode.swift; path = ViewController.swift; sourceTree = "<group>"; };
		492EF34522B9457E002D3800 /* Base */ = {isa = PBXFileReference; lastKnownFileType = file.storyboard; name = Base; path = Base.lproj/Main.storyboard; sourceTree = "<group>"; };
		492EF34722B9457F002D3800 /* Assets.xcassets */ = {isa = PBXFileReference; lastKnownFileType = folder.assetcatalog; path = Assets.xcassets; sourceTree = "<group>"; };
		492EF34A22B9457F002D3800 /* Base */ = {isa = PBXFileReference; lastKnownFileType = file.storyboard; name = Base; path = Base.lproj/LaunchScreen.storyboard; sourceTree = "<group>"; };
		492EF34C22B9457F002D3800 /* Info.plist */ = {isa = PBXFileReference; lastKnownFileType = text.plist.xml; path = Info.plist; sourceTree = "<group>"; };
		492EF35122B94580002D3800 /* ChattingAppTests.xctest */ = {isa = PBXFileReference; explicitFileType = wrapper.cfbundle; includeInIndex = 0; path = ChattingAppTests.xctest; sourceTree = BUILT_PRODUCTS_DIR; };
		492EF35522B94580002D3800 /* ChattingAppTests.swift */ = {isa = PBXFileReference; lastKnownFileType = sourcecode.swift; path = ChattingAppTests.swift; sourceTree = "<group>"; };
		492EF35722B94580002D3800 /* Info.plist */ = {isa = PBXFileReference; lastKnownFileType = text.plist.xml; path = Info.plist; sourceTree = "<group>"; };
		492EF35C22B94580002D3800 /* ChattingAppUITests.xctest */ = {isa = PBXFileReference; explicitFileType = wrapper.cfbundle; includeInIndex = 0; path = ChattingAppUITests.xctest; sourceTree = BUILT_PRODUCTS_DIR; };
		492EF36022B94580002D3800 /* ChattingAppUITests.swift */ = {isa = PBXFileReference; lastKnownFileType = sourcecode.swift; path = ChattingAppUITests.swift; sourceTree = "<group>"; };
		492EF36222B94580002D3800 /* Info.plist */ = {isa = PBXFileReference; lastKnownFileType = text.plist.xml; path = Info.plist; sourceTree = "<group>"; };
/* End PBXFileReference section */

/* Begin PBXFrameworksBuildPhase section */
		492EF33A22B9457E002D3800 /* Frameworks */ = {
			isa = PBXFrameworksBuildPhase;
			buildActionMask = 2147483647;
			files = (
			);
			runOnlyForDeploymentPostprocessing = 0;
		};
		492EF34E22B94580002D3800 /* Frameworks */ = {
			isa = PBXFrameworksBuildPhase;
			buildActionMask = 2147483647;
			files = (
			);
			runOnlyForDeploymentPostprocessing = 0;
		};
		492EF35922B94580002D3800 /* Frameworks */ = {
			isa = PBXFrameworksBuildPhase;
			buildActionMask = 2147483647;
			files = (
			);
			runOnlyForDeploymentPostprocessing = 0;
		};
/* End PBXFrameworksBuildPhase section */

/* Begin PBXGroup section */
		492EF33422B9457E002D3800 = {
			isa = PBXGroup;
			children = (
				492EF33F22B9457E002D3800 /* ChattingApp */,
				492EF35422B94580002D3800 /* ChattingAppTests */,
				492EF35F22B94580002D3800 /* ChattingAppUITests */,
				492EF33E22B9457E002D3800 /* Products */,
			);
			sourceTree = "<group>";
		};
		492EF33E22B9457E002D3800 /* Products */ = {
			isa = PBXGroup;
			children = (
				492EF33D22B9457E002D3800 /* ChattingApp.app */,
				492EF35122B94580002D3800 /* ChattingAppTests.xctest */,
				492EF35C22B94580002D3800 /* ChattingAppUITests.xctest */,
			);
			name = Products;
			sourceTree = "<group>";
		};
		492EF33F22B9457E002D3800 /* ChattingApp */ = {
			isa = PBXGroup;
			children = (
				492EF34022B9457E002D3800 /* AppDelegate.swift */,
				492EF34222B9457E002D3800 /* ViewController.swift */,
				492EF34422B9457E002D3800 /* Main.storyboard */,
				492EF34722B9457F002D3800 /* Assets.xcassets */,
				492EF34922B9457F002D3800 /* LaunchScreen.storyboard */,
				492EF34C22B9457F002D3800 /* Info.plist */,
			);
			path = ChattingApp;
			sourceTree = "<group>";
		};
		492EF35422B94580002D3800 /* ChattingAppTests */ = {
			isa = PBXGroup;
			children = (
				492EF35522B94580002D3800 /* ChattingAppTests.swift */,
				492EF35722B94580002D3800 /* Info.plist */,
			);
			path = ChattingAppTests;
			sourceTree = "<group>";
		};
		492EF35F22B94580002D3800 /* ChattingAppUITests */ = {
			isa = PBXGroup;
			children = (
				492EF36022B94580002D3800 /* ChattingAppUITests.swift */,
				492EF36222B94580002D3800 /* Info.plist */,
			);
			path = ChattingAppUITests;
			sourceTree = "<group>";
		};
/* End PBXGroup section */

/* Begin PBXNativeTarget section */
		492EF33C22B9457E002D3800 /* ChattingApp */ = {
			isa = PBXNativeTarget;
			buildConfigurationList = 492EF36522B94580002D3800 /* Build configuration list for PBXNativeTarget "ChattingApp" */;
			buildPhases = (
				492EF33922B9457E002D3800 /* Sources */,
				492EF33A22B9457E002D3800 /* Frameworks */,
				492EF33B22B9457E002D3800 /* Resources */,
			);
			buildRules = (
			);
			dependencies = (
			);
			name = ChattingApp;
			productName = ChattingApp;
			productReference = 492EF33D22B9457E002D3800 /* ChattingApp.app */;
			productType = "com.apple.product-type.application";
		};
		492EF35022B94580002D3800 /* ChattingAppTests */ = {
			isa = PBXNativeTarget;
			buildConfigurationList = 492EF36822B94580002D3800 /* Build configuration list for PBXNativeTarget "ChattingAppTests" */;
			buildPhases = (
				492EF34D22B94580002D3800 /* Sources */,
				492EF34E22B94580002D3800 /* Frameworks */,
				492EF34F22B94580002D3800 /* Resources */,
			);
			buildRules = (
			);
			dependencies = (
				492EF35322B94580002D3800 /* PBXTargetDependency */,
			);
			name = ChattingAppTests;
			productName = ChattingAppTests;
			productReference = 492EF35122B94580002D3800 /* ChattingAppTests.xctest */;
			productType = "com.apple.product-type.bundle.unit-test";
		};
		492EF35B22B94580002D3800 /* ChattingAppUITests */ = {
			isa = PBXNativeTarget;
			buildConfigurationList = 492EF36B22B94580002D3800 /* Build configuration list for PBXNativeTarget "ChattingAppUITests" */;
			buildPhases = (
				492EF35822B94580002D3800 /* Sources */,
				492EF35922B94580002D3800 /* Frameworks */,
				492EF35A22B94580002D3800 /* Resources */,
			);
			buildRules = (
			);
			dependencies = (
				492EF35E22B94580002D3800 /* PBXTargetDependency */,
			);
			name = ChattingAppUITests;
			productName = ChattingAppUITests;
			productReference = 492EF35C22B94580002D3800 /* ChattingAppUITests.xctest */;
			productType = "com.apple.product-type.bundle.ui-testing";
		};
/* End PBXNativeTarget section */

/* Begin PBXProject section */
		492EF33522B9457E002D3800 /* Project object */ = {
			isa = PBXProject;
			attributes = {
				LastSwiftUpdateCheck = 1020;
				LastUpgradeCheck = 1020;
				ORGANIZATIONNAME = "PRAMOD S";
				TargetAttributes = {
					492EF33C22B9457E002D3800 = {
						CreatedOnToolsVersion = 10.2.1;
					};
					492EF35022B94580002D3800 = {
						CreatedOnToolsVersion = 10.2.1;
						TestTargetID = 492EF33C22B9457E002D3800;
					};
					492EF35B22B94580002D3800 = {
						CreatedOnToolsVersion = 10.2.1;
						TestTargetID = 492EF33C22B9457E002D3800;
					};
				};
			};
			buildConfigurationList = 492EF33822B9457E002D3800 /* Build configuration list for PBXProject "ChattingApp" */;
			compatibilityVersion = "Xcode 9.3";
			developmentRegion = en;
			hasScannedForEncodings = 0;
			knownRegions = (
				en,
				Base,
			);
			mainGroup = 492EF33422B9457E002D3800;
			productRefGroup = 492EF33E22B9457E002D3800 /* Products */;
			projectDirPath = "";
			projectRoot = "";
			targets = (
				492EF33C22B9457E002D3800 /* ChattingApp */,
				492EF35022B94580002D3800 /* ChattingAppTests */,
				492EF35B22B94580002D3800 /* ChattingAppUITests */,
			);
		};
/* End PBXProject section */

/* Begin PBXResourcesBuildPhase section */
		492EF33B22B9457E002D3800 /* Resources */ = {
			isa = PBXResourcesBuildPhase;
			buildActionMask = 2147483647;
			files = (
				492EF34B22B9457F002D3800 /* LaunchScreen.storyboard in Resources */,
				492EF34822B9457F002D3800 /* Assets.xcassets in Resources */,
				492EF34622B9457E002D3800 /* Main.storyboard in Resources */,
			);
			runOnlyForDeploymentPostprocessing = 0;
		};
		492EF34F22B94580002D3800 /* Resources */ = {
			isa = PBXResourcesBuildPhase;
			buildActionMask = 2147483647;
			files = (
			);
			runOnlyForDeploymentPostprocessing = 0;
		};
		492EF35A22B94580002D3800 /* Resources */ = {
			isa = PBXResourcesBuildPhase;
			buildActionMask = 2147483647;
			files = (
			);
			runOnlyForDeploymentPostprocessing = 0;
		};
/* End PBXResourcesBuildPhase section */

/* Begin PBXSourcesBuildPhase section */
		492EF33922B9457E002D3800 /* Sources */ = {
			isa = PBXSourcesBuildPhase;
			buildActionMask = 2147483647;
			files = (
				492EF34322B9457E002D3800 /* ViewController.swift in Sources */,
				492EF34122B9457E002D3800 /* AppDelegate.swift in Sources */,
			);
			runOnlyForDeploymentPostprocessing = 0;
		};
		492EF34D22B94580002D3800 /* Sources */ = {
			isa = PBXSourcesBuildPhase;
			buildActionMask = 2147483647;
			files = (
				492EF35622B94580002D3800 /* ChattingAppTests.swift in Sources */,
			);
			runOnlyForDeploymentPostprocessing = 0;
		};
		492EF35822B94580002D3800 /* Sources */ = {
			isa = PBXSourcesBuildPhase;
			buildActionMask = 2147483647;
			files = (
				492EF36122B94580002D3800 /* ChattingAppUITests.swift in Sources */,
			);
			runOnlyForDeploymentPostprocessing = 0;
		};
/* End PBXSourcesBuildPhase section */

/* Begin PBXTargetDependency section */
		492EF35322B94580002D3800 /* PBXTargetDependency */ = {
			isa = PBXTargetDependency;
			target = 492EF33C22B9457E002D3800 /* ChattingApp */;
			targetProxy = 492EF35222B94580002D3800 /* PBXContainerItemProxy */;
		};
		492EF35E22B94580002D3800 /* PBXTargetDependency */ = {
			isa = PBXTargetDependency;
			target = 492EF33C22B9457E002D3800 /* ChattingApp */;
			targetProxy = 492EF35D22B94580002D3800 /* PBXContainerItemProxy */;
		};
/* End PBXTargetDependency section */

/* Begin PBXVariantGroup section */
		492EF34422B9457E002D3800 /* Main.storyboard */ = {
			isa = PBXVariantGroup;
			children = (
				492EF34522B9457E002D3800 /* Base */,
			);
			name = Main.storyboard;
			sourceTree = "<group>";
		};
		492EF34922B9457F002D3800 /* LaunchScreen.storyboard */ = {
			isa = PBXVariantGroup;
			children = (
				492EF34A22B9457F002D3800 /* Base */,
			);
			name = LaunchScreen.storyboard;
			sourceTree = "<group>";
		};
/* End PBXVariantGroup section */

/* Begin XCBuildConfiguration section */
		492EF36322B94580002D3800 /* Debug */ = {
			isa = XCBuildConfiguration;
			buildSettings = {
				ALWAYS_SEARCH_USER_PATHS = NO;
				CLANG_ANALYZER_NONNULL = YES;
				CLANG_ANALYZER_NUMBER_OBJECT_CONVERSION = YES_AGGRESSIVE;
				CLANG_CXX_LANGUAGE_STANDARD = "gnu++14";
				CLANG_CXX_LIBRARY = "libc++";
				CLANG_ENABLE_MODULES = YES;
				CLANG_ENABLE_OBJC_ARC = YES;
				CLANG_ENABLE_OBJC_WEAK = YES;
				CLANG_WARN_BLOCK_CAPTURE_AUTORELEASING = YES;
				CLANG_WARN_BOOL_CONVERSION = YES;
				CLANG_WARN_COMMA = YES;
				CLANG_WARN_CONSTANT_CONVERSION = YES;
				CLANG_WARN_DEPRECATED_OBJC_IMPLEMENTATIONS = YES;
				CLANG_WARN_DIRECT_OBJC_ISA_USAGE = YES_ERROR;
				CLANG_WARN_DOCUMENTATION_COMMENTS = YES;
				CLANG_WARN_EMPTY_BODY = YES;
				CLANG_WARN_ENUM_CONVERSION = YES;
				CLANG_WARN_INFINITE_RECURSION = YES;
				CLANG_WARN_INT_CONVERSION = YES;
				CLANG_WARN_NON_LITERAL_NULL_CONVERSION = YES;
				CLANG_WARN_OBJC_IMPLICIT_RETAIN_SELF = YES;
				CLANG_WARN_OBJC_LITERAL_CONVERSION = YES;
				CLANG_WARN_OBJC_ROOT_CLASS = YES_ERROR;
				CLANG_WARN_RANGE_LOOP_ANALYSIS = YES;
				CLANG_WARN_STRICT_PROTOTYPES = YES;
				CLANG_WARN_SUSPICIOUS_MOVE = YES;
				CLANG_WARN_UNGUARDED_AVAILABILITY = YES_AGGRESSIVE;
				CLANG_WARN_UNREACHABLE_CODE = YES;
				CLANG_WARN__DUPLICATE_METHOD_MATCH = YES;
				CODE_SIGN_IDENTITY = "iPhone Developer";
				COPY_PHASE_STRIP = NO;
				DEBUG_INFORMATION_FORMAT = dwarf;
				ENABLE_STRICT_OBJC_MSGSEND = YES;
				ENABLE_TESTABILITY = YES;
				GCC_C_LANGUAGE_STANDARD = gnu11;
				GCC_DYNAMIC_NO_PIC = NO;
				GCC_NO_COMMON_BLOCKS = YES;
				GCC_OPTIMIZATION_LEVEL = 0;
				GCC_PREPROCESSOR_DEFINITIONS = (
					"DEBUG=1",
					"$(inherited)",
				);
				GCC_WARN_64_TO_32_BIT_CONVERSION = YES;
				GCC_WARN_ABOUT_RETURN_TYPE = YES_ERROR;
				GCC_WARN_UNDECLARED_SELECTOR = YES;
				GCC_WARN_UNINITIALIZED_AUTOS = YES_AGGRESSIVE;
				GCC_WARN_UNUSED_FUNCTION = YES;
				GCC_WARN_UNUSED_VARIABLE = YES;
				IPHONEOS_DEPLOYMENT_TARGET = 12.2;
				MTL_ENABLE_DEBUG_INFO = INCLUDE_SOURCE;
				MTL_FAST_MATH = YES;
				ONLY_ACTIVE_ARCH = YES;
				SDKROOT = iphoneos;
				SWIFT_ACTIVE_COMPILATION_CONDITIONS = DEBUG;
				SWIFT_OPTIMIZATION_LEVEL = "-Onone";
			};
			name = Debug;
		};
		492EF36422B94580002D3800 /* Release */ = {
			isa = XCBuildConfiguration;
			buildSettings = {
				ALWAYS_SEARCH_USER_PATHS = NO;
				CLANG_ANALYZER_NONNULL = YES;
				CLANG_ANALYZER_NUMBER_OBJECT_CONVERSION = YES_AGGRESSIVE;
				CLANG_CXX_LANGUAGE_STANDARD = "gnu++14";
				CLANG_CXX_LIBRARY = "libc++";
				CLANG_ENABLE_MODULES = YES;
				CLANG_ENABLE_OBJC_ARC = YES;
				CLANG_ENABLE_OBJC_WEAK = YES;
				CLANG_WARN_BLOCK_CAPTURE_AUTORELEASING = YES;
				CLANG_WARN_BOOL_CONVERSION = YES;
				CLANG_WARN_COMMA = YES;
				CLANG_WARN_CONSTANT_CONVERSION = YES;
				CLANG_WARN_DEPRECATED_OBJC_IMPLEMENTATIONS = YES;
				CLANG_WARN_DIRECT_OBJC_ISA_USAGE = YES_ERROR;
				CLANG_WARN_DOCUMENTATION_COMMENTS = YES;
				CLANG_WARN_EMPTY_BODY = YES;
				CLANG_WARN_ENUM_CONVERSION = YES;
				CLANG_WARN_INFINITE_RECURSION = YES;
				CLANG_WARN_INT_CONVERSION = YES;
				CLANG_WARN_NON_LITERAL_NULL_CONVERSION = YES;
				CLANG_WARN_OBJC_IMPLICIT_RETAIN_SELF = YES;
				CLANG_WARN_OBJC_LITERAL_CONVERSION = YES;
				CLANG_WARN_OBJC_ROOT_CLASS = YES_ERROR;
				CLANG_WARN_RANGE_LOOP_ANALYSIS = YES;
				CLANG_WARN_STRICT_PROTOTYPES = YES;
				CLANG_WARN_SUSPICIOUS_MOVE = YES;
				CLANG_WARN_UNGUARDED_AVAILABILITY = YES_AGGRESSIVE;
				CLANG_WARN_UNREACHABLE_CODE = YES;
				CLANG_WARN__DUPLICATE_METHOD_MATCH = YES;
				CODE_SIGN_IDENTITY = "iPhone Developer";
				COPY_PHASE_STRIP = NO;
				DEBUG_INFORMATION_FORMAT = "dwarf-with-dsym";
				ENABLE_NS_ASSERTIONS = NO;
				ENABLE_STRICT_OBJC_MSGSEND = YES;
				GCC_C_LANGUAGE_STANDARD = gnu11;
				GCC_NO_COMMON_BLOCKS = YES;
				GCC_WARN_64_TO_32_BIT_CONVERSION = YES;
				GCC_WARN_ABOUT_RETURN_TYPE = YES_ERROR;
				GCC_WARN_UNDECLARED_SELECTOR = YES;
				GCC_WARN_UNINITIALIZED_AUTOS = YES_AGGRESSIVE;
				GCC_WARN_UNUSED_FUNCTION = YES;
				GCC_WARN_UNUSED_VARIABLE = YES;
				IPHONEOS_DEPLOYMENT_TARGET = 12.2;
				MTL_ENABLE_DEBUG_INFO = NO;
				MTL_FAST_MATH = YES;
				SDKROOT = iphoneos;
				SWIFT_COMPILATION_MODE = wholemodule;
				SWIFT_OPTIMIZATION_LEVEL = "-O";
				VALIDATE_PRODUCT = YES;
			};
			name = Release;
		};
		492EF36622B94580002D3800 /* Debug */ = {
			isa = XCBuildConfiguration;
			buildSettings = {
				ASSETCATALOG_COMPILER_APPICON_NAME = AppIcon;
				CODE_SIGN_STYLE = Automatic;
				INFOPLIST_FILE = ChattingApp/Info.plist;
				LD_RUNPATH_SEARCH_PATHS = (
					"$(inherited)",
					"@executable_path/Frameworks",
				);
				PRODUCT_BUNDLE_IDENTIFIER = com.ymedia.ChattingApp;
				PRODUCT_NAME = "$(TARGET_NAME)";
				SWIFT_VERSION = 5.0;
				TARGETED_DEVICE_FAMILY = "1,2";
			};
			name = Debug;
		};
		492EF36722B94580002D3800 /* Release */ = {
			isa = XCBuildConfiguration;
			buildSettings = {
				ASSETCATALOG_COMPILER_APPICON_NAME = AppIcon;
				CODE_SIGN_STYLE = Automatic;
				INFOPLIST_FILE = ChattingApp/Info.plist;
				LD_RUNPATH_SEARCH_PATHS = (
					"$(inherited)",
					"@executable_path/Frameworks",
				);
				PRODUCT_BUNDLE_IDENTIFIER = com.ymedia.ChattingApp;
				PRODUCT_NAME = "$(TARGET_NAME)";
				SWIFT_VERSION = 5.0;
				TARGETED_DEVICE_FAMILY = "1,2";
			};
			name = Release;
		};
		492EF36922B94580002D3800 /* Debug */ = {
			isa = XCBuildConfiguration;
			buildSettings = {
				ALWAYS_EMBED_SWIFT_STANDARD_LIBRARIES = YES;
				BUNDLE_LOADER = "$(TEST_HOST)";
				CODE_SIGN_STYLE = Automatic;
				INFOPLIST_FILE = ChattingAppTests/Info.plist;
				LD_RUNPATH_SEARCH_PATHS = (
					"$(inherited)",
					"@executable_path/Frameworks",
					"@loader_path/Frameworks",
				);
				PRODUCT_BUNDLE_IDENTIFIER = com.ymedia.ChattingAppTests;
				PRODUCT_NAME = "$(TARGET_NAME)";
				SWIFT_VERSION = 5.0;
				TARGETED_DEVICE_FAMILY = "1,2";
				TEST_HOST = "$(BUILT_PRODUCTS_DIR)/ChattingApp.app/ChattingApp";
			};
			name = Debug;
		};
		492EF36A22B94580002D3800 /* Release */ = {
			isa = XCBuildConfiguration;
			buildSettings = {
				ALWAYS_EMBED_SWIFT_STANDARD_LIBRARIES = YES;
				BUNDLE_LOADER = "$(TEST_HOST)";
				CODE_SIGN_STYLE = Automatic;
				INFOPLIST_FILE = ChattingAppTests/Info.plist;
				LD_RUNPATH_SEARCH_PATHS = (
					"$(inherited)",
					"@executable_path/Frameworks",
					"@loader_path/Frameworks",
				);
				PRODUCT_BUNDLE_IDENTIFIER = com.ymedia.ChattingAppTests;
				PRODUCT_NAME = "$(TARGET_NAME)";
				SWIFT_VERSION = 5.0;
				TARGETED_DEVICE_FAMILY = "1,2";
				TEST_HOST = "$(BUILT_PRODUCTS_DIR)/ChattingApp.app/ChattingApp";
			};
			name = Release;
		};
		492EF36C22B94580002D3800 /* Debug */ = {
			isa = XCBuildConfiguration;
			buildSettings = {
				ALWAYS_EMBED_SWIFT_STANDARD_LIBRARIES = YES;
				CODE_SIGN_STYLE = Automatic;
				INFOPLIST_FILE = ChattingAppUITests/Info.plist;
				LD_RUNPATH_SEARCH_PATHS = (
					"$(inherited)",
					"@executable_path/Frameworks",
					"@loader_path/Frameworks",
				);
				PRODUCT_BUNDLE_IDENTIFIER = com.ymedia.ChattingAppUITests;
				PRODUCT_NAME = "$(TARGET_NAME)";
				SWIFT_VERSION = 5.0;
				TARGETED_DEVICE_FAMILY = "1,2";
				TEST_TARGET_NAME = ChattingApp;
			};
			name = Debug;
		};
		492EF36D22B94580002D3800 /* Release */ = {
			isa = XCBuildConfiguration;
			buildSettings = {
				ALWAYS_EMBED_SWIFT_STANDARD_LIBRARIES = YES;
				CODE_SIGN_STYLE = Automatic;
				INFOPLIST_FILE = ChattingAppUITests/Info.plist;
				LD_RUNPATH_SEARCH_PATHS = (
					"$(inherited)",
					"@executable_path/Frameworks",
					"@loader_path/Frameworks",
				);
				PRODUCT_BUNDLE_IDENTIFIER = com.ymedia.ChattingAppUITests;
				PRODUCT_NAME = "$(TARGET_NAME)";
				SWIFT_VERSION = 5.0;
				TARGETED_DEVICE_FAMILY = "1,2";
				TEST_TARGET_NAME = ChattingApp;
			};
			name = Release;
		};
/* End XCBuildConfiguration section */

/* Begin XCConfigurationList section */
		492EF33822B9457E002D3800 /* Build configuration list for PBXProject "ChattingApp" */ = {
			isa = XCConfigurationList;
			buildConfigurations = (
				492EF36322B94580002D3800 /* Debug */,
				492EF36422B94580002D3800 /* Release */,
			);
			defaultConfigurationIsVisible = 0;
			defaultConfigurationName = Release;
		};
		492EF36522B94580002D3800 /* Build configuration list for PBXNativeTarget "ChattingApp" */ = {
			isa = XCConfigurationList;
			buildConfigurations = (
				492EF36622B94580002D3800 /* Debug */,
				492EF36722B94580002D3800 /* Release */,
			);
			defaultConfigurationIsVisible = 0;
			defaultConfigurationName = Release;
		};
		492EF36822B94580002D3800 /* Build configuration list for PBXNativeTarget "ChattingAppTests" */ = {
			isa = XCConfigurationList;
			buildConfigurations = (
				492EF36922B94580002D3800 /* Debug */,
				492EF36A22B94580002D3800 /* Release */,
			);
			defaultConfigurationIsVisible = 0;
			defaultConfigurationName = Release;
		};
		492EF36B22B94580002D3800 /* Build configuration list for PBXNativeTarget "ChattingAppUITests" */ = {
			isa = XCConfigurationList;
			buildConfigurations = (
				492EF36C22B94580002D3800 /* Debug */,
				492EF36D22B94580002D3800 /* Release */,
			);
			defaultConfigurationIsVisible = 0;
			defaultConfigurationName = Release;
		};
/* End XCConfigurationList section */
	};
	rootObject = 492EF33522B9457E002D3800 /* Project object */;
}
